
Microsoft Visual Studio Solution File, Format Version 11.00
# Visual Studio 2010
Project("{FAE04EC0-301F-11D3-BF4B-00C04F79EFBC}") = "Assembly-CSharp", "Assembly-CSharp.csproj", "{414c2699-18f6-2918-d4f1-0948f166502d}"
EndProject
Project("{FAE04EC0-301F-11D3-BF4B-00C04F79EFBC}") = "Assembly-CSharp-Editor", "Assembly-CSharp-Editor.csproj", "{c210864b-1929-3d52-2545-44d75340e9bc}"
EndProject
Global
	GlobalSection(SolutionConfigurationPlatforms) = preSolution
		Debug|Any CPU = Debug|Any CPU
	EndGlobalSection
	GlobalSection(ProjectConfigurationPlatforms) = postSolution
		{414c2699-18f6-2918-d4f1-0948f166502d}.Debug|Any CPU.ActiveCfg = Debug|Any CPU
		{414c2699-18f6-2918-d4f1-0948f166502d}.Debug|Any CPU.Build.0 = Debug|Any CPU
		{c210864b-1929-3d52-2545-44d75340e9bc}.Debug|Any CPU.ActiveCfg = Debug|Any CPU
		{c210864b-1929-3d52-2545-44d75340e9bc}.Debug|Any CPU.Build.0 = Debug|Any CPU
	EndGlobalSection
	GlobalSection(SolutionProperties) = preSolution
		HideSolutionNode = FALSE
	EndGlobalSection
EndGlobal
